
Microsoft Visual Studio Solution File, Format Version 12.00
# Visual Studio 2012
Project("{FAE04EC0-301F-11D3-BF4B-00C04F79EFBC}") = "jni4net", "runtime\jni4net\jni4net.csproj", "{9CCC5ECB-A6DE-45CE-B6F1-B2925A3D2376}"
EndProject
Project("{FAE04EC0-301F-11D3-BF4B-00C04F79EFBC}") = "jni4net-w32v20", "runtime\jni4net-w32v20\jni4net-w32v20.csproj", "{199901E3-A07C-43F6-9850-459D024FE0FE}"
EndProject
Project("{FAE04EC0-301F-11D3-BF4B-00C04F79EFBC}") = "jni4net-w32v40", "runtime\jni4net-w32v40\jni4net-w32v40.csproj", "{D201AC15-89FB-46E1-929A-289128FB7664}"
EndProject
Project("{2150E333-8FDC-42A3-9474-1A3956D46DE8}") = "runtime", "runtime", "{358A1421-949D-40C0-A136-046023DF4D14}"
EndProject
Project("{2150E333-8FDC-42A3-9474-1A3956D46DE8}") = "dummies", "dummies", "{9BB992E5-AB39-4203-B021-D65379FECC92}"
EndProject
Project("{2150E333-8FDC-42A3-9474-1A3956D46DE8}") = "proxies", "proxies", "{C02A5E11-E40F-48F0-A937-3EE23F047291}"
EndProject
Project("{2150E333-8FDC-42A3-9474-1A3956D46DE8}") = "tests", "tests", "{E30B55E0-0E8D-4C34-BCE9-32BC7937C530}"
EndProject
Project("{FAE04EC0-301F-11D3-BF4B-00C04F79EFBC}") = "jre-micro-j4n", "proxies\jre-micro-j4n\jre-micro-j4n.csproj", "{D3DCCDC8-E43D-4DE8-9E85-E920556885C3}"
EndProject
Project("{FAE04EC0-301F-11D3-BF4B-00C04F79EFBC}") = "tests-n", "tests\tests-n\tests-n.csproj", "{EF65E4D5-3AD6-4EB8-9828-E161E5A8362E}"
EndProject
Project("{FAE04EC0-301F-11D3-BF4B-00C04F79EFBC}") = "dummy-j-j4n", "proxies\dummy-j-j4n\dummy-j-j4n.csproj", "{E01F2B41-E2C5-42B0-9A4F-8CBB9873F5D9}"
EndProject
Project("{FAE04EC0-301F-11D3-BF4B-00C04F79EFBC}") = "dummy-n", "dummies\dummy-n\dummy-n.csproj", "{97D78FFB-7AE4-4D9B-9C46-F88D219B5A33}"
EndProject
Project("{FAE04EC0-301F-11D3-BF4B-00C04F79EFBC}") = "dummy-n-j4n", "proxies\dummy-n-j4n\dummy-n-j4n.csproj", "{EC35A13B-7985-4714-B17D-86016A7AE05F}"
EndProject
Project("{FAE04EC0-301F-11D3-BF4B-00C04F79EFBC}") = "mscorlib-micro-j4n", "proxies\mscorlib-micro-j4n\mscorlib-micro-j4n.csproj", "{4CD2CC87-D09B-415F-9BDC-1202919355AD}"
EndProject
Project("{FAE04EC0-301F-11D3-BF4B-00C04F79EFBC}") = "jni4net-w64v40", "runtime\jni4net-w64v40\jni4net-w64v40.csproj", "{D201AC15-89FB-46E1-929A-389128FB7664}"
EndProject
Project("{FAE04EC0-301F-11D3-BF4B-00C04F79EFBC}") = "jni4net-w64v20", "runtime\jni4net-w64v20\jni4net-w64v20.csproj", "{199901E3-A07C-43F6-9850-959D024FE0FE}"
EndProject
Project("{FAE04EC0-301F-11D3-BF4B-00C04F79EFBC}") = "ecj-j4n", "proxies\ecj-j4n\ecj-j4n.csproj", "{933972FA-2003-482F-B5E9-83AD38E7E23F}"
EndProject
Global
	GlobalSection(SolutionConfigurationPlatforms) = preSolution
		Debug|Any CPU = Debug|Any CPU
		Release|Any CPU = Release|Any CPU
	EndGlobalSection
	GlobalSection(ProjectConfigurationPlatforms) = postSolution
		{9CCC5ECB-A6DE-45CE-B6F1-B2925A3D2376}.Debug|Any CPU.ActiveCfg = Debug|Any CPU
		{9CCC5ECB-A6DE-45CE-B6F1-B2925A3D2376}.Debug|Any CPU.Build.0 = Debug|Any CPU
		{9CCC5ECB-A6DE-45CE-B6F1-B2925A3D2376}.Release|Any CPU.ActiveCfg = Release|Any CPU
		{9CCC5ECB-A6DE-45CE-B6F1-B2925A3D2376}.Release|Any CPU.Build.0 = Release|Any CPU
		{199901E3-A07C-43F6-9850-459D024FE0FE}.Debug|Any CPU.ActiveCfg = Debug|Any CPU
		{199901E3-A07C-43F6-9850-459D024FE0FE}.Debug|Any CPU.Build.0 = Debug|Any CPU
		{199901E3-A07C-43F6-9850-459D024FE0FE}.Release|Any CPU.ActiveCfg = Release|Any CPU
		{199901E3-A07C-43F6-9850-459D024FE0FE}.Release|Any CPU.Build.0 = Release|Any CPU
		{D201AC15-89FB-46E1-929A-289128FB7664}.Debug|Any CPU.ActiveCfg = Debug|Any CPU
		{D201AC15-89FB-46E1-929A-289128FB7664}.Debug|Any CPU.Build.0 = Debug|Any CPU
		{D201AC15-89FB-46E1-929A-289128FB7664}.Release|Any CPU.ActiveCfg = Release|Any CPU
		{D201AC15-89FB-46E1-929A-289128FB7664}.Release|Any CPU.Build.0 = Release|Any CPU
		{D3DCCDC8-E43D-4DE8-9E85-E920556885C3}.Debug|Any CPU.ActiveCfg = Debug|Any CPU
		{D3DCCDC8-E43D-4DE8-9E85-E920556885C3}.Debug|Any CPU.Build.0 = Debug|Any CPU
		{D3DCCDC8-E43D-4DE8-9E85-E920556885C3}.Release|Any CPU.ActiveCfg = Release|Any CPU
		{D3DCCDC8-E43D-4DE8-9E85-E920556885C3}.Release|Any CPU.Build.0 = Release|Any CPU
		{EF65E4D5-3AD6-4EB8-9828-E161E5A8362E}.Debug|Any CPU.ActiveCfg = Debug|Any CPU
		{EF65E4D5-3AD6-4EB8-9828-E161E5A8362E}.Debug|Any CPU.Build.0 = Debug|Any CPU
		{EF65E4D5-3AD6-4EB8-9828-E161E5A8362E}.Release|Any CPU.ActiveCfg = Release|Any CPU
		{EF65E4D5-3AD6-4EB8-9828-E161E5A8362E}.Release|Any CPU.Build.0 = Release|Any CPU
		{E01F2B41-E2C5-42B0-9A4F-8CBB9873F5D9}.Debug|Any CPU.ActiveCfg = Debug|Any CPU
		{E01F2B41-E2C5-42B0-9A4F-8CBB9873F5D9}.Debug|Any CPU.Build.0 = Debug|Any CPU
		{E01F2B41-E2C5-42B0-9A4F-8CBB9873F5D9}.Release|Any CPU.ActiveCfg = Release|Any CPU
		{E01F2B41-E2C5-42B0-9A4F-8CBB9873F5D9}.Release|Any CPU.Build.0 = Release|Any CPU
		{97D78FFB-7AE4-4D9B-9C46-F88D219B5A33}.Debug|Any CPU.ActiveCfg = Debug|Any CPU
		{97D78FFB-7AE4-4D9B-9C46-F88D219B5A33}.Debug|Any CPU.Build.0 = Debug|Any CPU
		{97D78FFB-7AE4-4D9B-9C46-F88D219B5A33}.Release|Any CPU.ActiveCfg = Release|Any CPU
		{97D78FFB-7AE4-4D9B-9C46-F88D219B5A33}.Release|Any CPU.Build.0 = Release|Any CPU
		{EC35A13B-7985-4714-B17D-86016A7AE05F}.Debug|Any CPU.ActiveCfg = Debug|Any CPU
		{EC35A13B-7985-4714-B17D-86016A7AE05F}.Debug|Any CPU.Build.0 = Debug|Any CPU
		{EC35A13B-7985-4714-B17D-86016A7AE05F}.Release|Any CPU.ActiveCfg = Release|Any CPU
		{EC35A13B-7985-4714-B17D-86016A7AE05F}.Release|Any CPU.Build.0 = Release|Any CPU
		{4CD2CC87-D09B-415F-9BDC-1202919355AD}.Debug|Any CPU.ActiveCfg = Debug|Any CPU
		{4CD2CC87-D09B-415F-9BDC-1202919355AD}.Debug|Any CPU.Build.0 = Debug|Any CPU
		{4CD2CC87-D09B-415F-9BDC-1202919355AD}.Release|Any CPU.ActiveCfg = Release|Any CPU
		{4CD2CC87-D09B-415F-9BDC-1202919355AD}.Release|Any CPU.Build.0 = Release|Any CPU
		{D201AC15-89FB-46E1-929A-389128FB7664}.Debug|Any CPU.ActiveCfg = Debug|Any CPU
		{D201AC15-89FB-46E1-929A-389128FB7664}.Debug|Any CPU.Build.0 = Debug|Any CPU
		{D201AC15-89FB-46E1-929A-389128FB7664}.Release|Any CPU.ActiveCfg = Release|Any CPU
		{D201AC15-89FB-46E1-929A-389128FB7664}.Release|Any CPU.Build.0 = Release|Any CPU
		{199901E3-A07C-43F6-9850-959D024FE0FE}.Debug|Any CPU.ActiveCfg = Debug|Any CPU
		{199901E3-A07C-43F6-9850-959D024FE0FE}.Debug|Any CPU.Build.0 = Debug|Any CPU
		{199901E3-A07C-43F6-9850-959D024FE0FE}.Release|Any CPU.ActiveCfg = Release|Any CPU
		{199901E3-A07C-43F6-9850-959D024FE0FE}.Release|Any CPU.Build.0 = Release|Any CPU
		{933972FA-2003-482F-B5E9-83AD38E7E23F}.Debug|Any CPU.ActiveCfg = Debug|Any CPU
		{933972FA-2003-482F-B5E9-83AD38E7E23F}.Debug|Any CPU.Build.0 = Debug|Any CPU
		{933972FA-2003-482F-B5E9-83AD38E7E23F}.Release|Any CPU.ActiveCfg = Release|Any CPU
		{933972FA-2003-482F-B5E9-83AD38E7E23F}.Release|Any CPU.Build.0 = Release|Any CPU
	EndGlobalSection
	GlobalSection(SolutionProperties) = preSolution
		HideSolutionNode = FALSE
	EndGlobalSection
	GlobalSection(NestedProjects) = preSolution
		{199901E3-A07C-43F6-9850-459D024FE0FE} = {358A1421-949D-40C0-A136-046023DF4D14}
		{D201AC15-89FB-46E1-929A-289128FB7664} = {358A1421-949D-40C0-A136-046023DF4D14}
		{9CCC5ECB-A6DE-45CE-B6F1-B2925A3D2376} = {358A1421-949D-40C0-A136-046023DF4D14}
		{D201AC15-89FB-46E1-929A-389128FB7664} = {358A1421-949D-40C0-A136-046023DF4D14}
		{199901E3-A07C-43F6-9850-959D024FE0FE} = {358A1421-949D-40C0-A136-046023DF4D14}
		{97D78FFB-7AE4-4D9B-9C46-F88D219B5A33} = {9BB992E5-AB39-4203-B021-D65379FECC92}
		{D3DCCDC8-E43D-4DE8-9E85-E920556885C3} = {C02A5E11-E40F-48F0-A937-3EE23F047291}
		{E01F2B41-E2C5-42B0-9A4F-8CBB9873F5D9} = {C02A5E11-E40F-48F0-A937-3EE23F047291}
		{EC35A13B-7985-4714-B17D-86016A7AE05F} = {C02A5E11-E40F-48F0-A937-3EE23F047291}
		{4CD2CC87-D09B-415F-9BDC-1202919355AD} = {C02A5E11-E40F-48F0-A937-3EE23F047291}
		{933972FA-2003-482F-B5E9-83AD38E7E23F} = {C02A5E11-E40F-48F0-A937-3EE23F047291}
		{EF65E4D5-3AD6-4EB8-9828-E161E5A8362E} = {E30B55E0-0E8D-4C34-BCE9-32BC7937C530}
	EndGlobalSection
EndGlobal
