
Microsoft Visual Studio Solution File, Format Version 10.00
# Visual Studio 2008
Project("{FAE04EC0-301F-11D3-BF4B-00C04F79EFBC}") = "jni4net.proxygen", "jni4net.proxygen.csproj", "{EDBAB662-1D70-4981-9727-4E4D1F94F757}"
EndProject
Global
	GlobalSection(SolutionConfigurationPlatforms) = preSolution
		Debug|Any CPU = Debug|Any CPU
		Release|Any CPU = Release|Any CPU
	EndGlobalSection
	GlobalSection(ProjectConfigurationPlatforms) = postSolution
		{EDBAB662-1D70-4981-9727-4E4D1F94F757}.Debug|Any CPU.ActiveCfg = Debug|Any CPU
		{EDBAB662-1D70-4981-9727-4E4D1F94F757}.Debug|Any CPU.Build.0 = Debug|Any CPU
		{EDBAB662-1D70-4981-9727-4E4D1F94F757}.Release|Any CPU.ActiveCfg = Release|Any CPU
		{EDBAB662-1D70-4981-9727-4E4D1F94F757}.Release|Any CPU.Build.0 = Release|Any CPU
	EndGlobalSection
	GlobalSection(SolutionProperties) = preSolution
		HideSolutionNode = FALSE
	EndGlobalSection
EndGlobal
