
Microsoft Visual Studio Solution File, Format Version 11.00
# Visual Studio 2010
Project("{FAE04EC0-301F-11D3-BF4B-00C04F79EFBC}") = "jni4net.n", "jni4net.n\src\jni4net.n.csproj", "{774AED55-B9EC-4C7D-8EEB-1B2481C578B2}"
EndProject
Project("{FAE04EC0-301F-11D3-BF4B-00C04F79EFBC}") = "jni4net.test.n", "jni4net.test.n\src\jni4net.test.n.csproj", "{7E0900D3-6E8F-46EB-86DB-AA767AA90B86}"
EndProject
Project("{FAE04EC0-301F-11D3-BF4B-00C04F79EFBC}") = "jni4net.tested.n", "jni4net.tested.n\src\jni4net.tested.n.csproj", "{7E0900D3-6E8F-46EB-86DB-AA767AC90B86}"
EndProject
Project("{FAE04EC0-301F-11D3-BF4B-00C04F79EFBC}") = "jni4net.proxygen", "jni4net.proxygen\src\jni4net.proxygen.csproj", "{C2DA57E7-0E1C-4103-9775-2962CAD63C49}"
EndProject
Project("{FAE04EC0-301F-11D3-BF4B-00C04F79EFBC}") = "jni4net.n.w32.v20", "jni4net.n.w32.v20\src\jni4net.n.w32.v20.csproj", "{774AED55-B9EC-457D-8EEB-1B2481C578B2}"
EndProject
Project("{FAE04EC0-301F-11D3-BF4B-00C04F79EFBC}") = "jni4net.n.w32.v40", "jni4net.n.w32.v40\src\jni4net.n.w32.v40.csproj", "{774AED55-E9EC-457D-8EEB-1B2481C578B2}"
EndProject
Project("{FAE04EC0-301F-11D3-BF4B-00C04F79EFBC}") = "jni4net.n.w64.v20", "jni4net.n.w64.v20\src\jni4net.n.w64.v20.csproj", "{774AED55-B9EC-447D-8EEB-1B2481C578B2}"
EndProject
Project("{FAE04EC0-301F-11D3-BF4B-00C04F79EFBC}") = "jni4net.n.w64.v40", "jni4net.n.w64.v40\src\jni4net.n.w64.v40.csproj", "{774AED55-E9EC-447D-8EEB-1B2481C578B2}"
EndProject
Project("{FAE04EC0-301F-11D3-BF4B-00C04F79EFBC}") = "mitza.jni4net", "mitza.jni4net\c#\mitza.jni4net.csproj", "{E3909801-0AF1-487A-AA19-EBE3696F86DA}"
EndProject
Global
	GlobalSection(SolutionConfigurationPlatforms) = preSolution
		Debug|Any CPU = Debug|Any CPU
		Release|Any CPU = Release|Any CPU
	EndGlobalSection
	GlobalSection(ProjectConfigurationPlatforms) = postSolution
		{774AED55-B9EC-4C7D-8EEB-1B2481C578B2}.Debug|Any CPU.ActiveCfg = Debug|Any CPU
		{774AED55-B9EC-4C7D-8EEB-1B2481C578B2}.Debug|Any CPU.Build.0 = Debug|Any CPU
		{774AED55-B9EC-4C7D-8EEB-1B2481C578B2}.Release|Any CPU.ActiveCfg = Release|Any CPU
		{774AED55-B9EC-4C7D-8EEB-1B2481C578B2}.Release|Any CPU.Build.0 = Release|Any CPU
		{7E0900D3-6E8F-46EB-86DB-AA767AA90B86}.Debug|Any CPU.ActiveCfg = Debug|Any CPU
		{7E0900D3-6E8F-46EB-86DB-AA767AA90B86}.Debug|Any CPU.Build.0 = Debug|Any CPU
		{7E0900D3-6E8F-46EB-86DB-AA767AA90B86}.Release|Any CPU.ActiveCfg = Release|Any CPU
		{7E0900D3-6E8F-46EB-86DB-AA767AA90B86}.Release|Any CPU.Build.0 = Release|Any CPU
		{7E0900D3-6E8F-46EB-86DB-AA767AC90B86}.Debug|Any CPU.ActiveCfg = Debug|Any CPU
		{7E0900D3-6E8F-46EB-86DB-AA767AC90B86}.Debug|Any CPU.Build.0 = Debug|Any CPU
		{7E0900D3-6E8F-46EB-86DB-AA767AC90B86}.Release|Any CPU.ActiveCfg = Release|Any CPU
		{7E0900D3-6E8F-46EB-86DB-AA767AC90B86}.Release|Any CPU.Build.0 = Release|Any CPU
		{C2DA57E7-0E1C-4103-9775-2962CAD63C49}.Debug|Any CPU.ActiveCfg = Debug|Any CPU
		{C2DA57E7-0E1C-4103-9775-2962CAD63C49}.Debug|Any CPU.Build.0 = Debug|Any CPU
		{C2DA57E7-0E1C-4103-9775-2962CAD63C49}.Release|Any CPU.ActiveCfg = Release|Any CPU
		{C2DA57E7-0E1C-4103-9775-2962CAD63C49}.Release|Any CPU.Build.0 = Release|Any CPU
		{774AED55-B9EC-457D-8EEB-1B2481C578B2}.Debug|Any CPU.ActiveCfg = Debug|Any CPU
		{774AED55-B9EC-457D-8EEB-1B2481C578B2}.Debug|Any CPU.Build.0 = Debug|Any CPU
		{774AED55-B9EC-457D-8EEB-1B2481C578B2}.Release|Any CPU.ActiveCfg = Release|Any CPU
		{774AED55-B9EC-457D-8EEB-1B2481C578B2}.Release|Any CPU.Build.0 = Release|Any CPU
		{774AED55-E9EC-457D-8EEB-1B2481C578B2}.Debug|Any CPU.ActiveCfg = Debug|Any CPU
		{774AED55-E9EC-457D-8EEB-1B2481C578B2}.Debug|Any CPU.Build.0 = Debug|Any CPU
		{774AED55-E9EC-457D-8EEB-1B2481C578B2}.Release|Any CPU.ActiveCfg = Release|Any CPU
		{774AED55-E9EC-457D-8EEB-1B2481C578B2}.Release|Any CPU.Build.0 = Release|Any CPU
		{774AED55-B9EC-447D-8EEB-1B2481C578B2}.Debug|Any CPU.ActiveCfg = Debug|Any CPU
		{774AED55-B9EC-447D-8EEB-1B2481C578B2}.Debug|Any CPU.Build.0 = Debug|Any CPU
		{774AED55-B9EC-447D-8EEB-1B2481C578B2}.Release|Any CPU.ActiveCfg = Release|Any CPU
		{774AED55-B9EC-447D-8EEB-1B2481C578B2}.Release|Any CPU.Build.0 = Release|Any CPU
		{774AED55-E9EC-447D-8EEB-1B2481C578B2}.Debug|Any CPU.ActiveCfg = Debug|Any CPU
		{774AED55-E9EC-447D-8EEB-1B2481C578B2}.Debug|Any CPU.Build.0 = Debug|Any CPU
		{774AED55-E9EC-447D-8EEB-1B2481C578B2}.Release|Any CPU.ActiveCfg = Release|Any CPU
		{774AED55-E9EC-447D-8EEB-1B2481C578B2}.Release|Any CPU.Build.0 = Release|Any CPU
		{E3909801-0AF1-487A-AA19-EBE3696F86DA}.Debug|Any CPU.ActiveCfg = Debug|Any CPU
		{E3909801-0AF1-487A-AA19-EBE3696F86DA}.Debug|Any CPU.Build.0 = Debug|Any CPU
		{E3909801-0AF1-487A-AA19-EBE3696F86DA}.Release|Any CPU.ActiveCfg = Release|Any CPU
		{E3909801-0AF1-487A-AA19-EBE3696F86DA}.Release|Any CPU.Build.0 = Release|Any CPU
	EndGlobalSection
	GlobalSection(SolutionProperties) = preSolution
		HideSolutionNode = FALSE
	EndGlobalSection
EndGlobal
