
Microsoft Visual Studio Solution File, Format Version 10.00
# Visual Studio 2008
Project("{FAE04EC0-301F-11D3-BF4B-00C04F79EFBC}") = "fop", "fop\fop.csproj", "{1160D75E-9B26-4B79-A092-FCE1A9FD48E3}"
EndProject
Global
	GlobalSection(SolutionConfigurationPlatforms) = preSolution
		Debug|Any CPU = Debug|Any CPU
		Release|Any CPU = Release|Any CPU
	EndGlobalSection
	GlobalSection(ProjectConfigurationPlatforms) = postSolution
		{1160D75E-9B26-4B79-A092-FCE1A9FD48E3}.Debug|Any CPU.ActiveCfg = Debug|Any CPU
		{1160D75E-9B26-4B79-A092-FCE1A9FD48E3}.Debug|Any CPU.Build.0 = Debug|Any CPU
		{1160D75E-9B26-4B79-A092-FCE1A9FD48E3}.Release|Any CPU.ActiveCfg = Release|Any CPU
		{1160D75E-9B26-4B79-A092-FCE1A9FD48E3}.Release|Any CPU.Build.0 = Release|Any CPU
	EndGlobalSection
	GlobalSection(SolutionProperties) = preSolution
		HideSolutionNode = FALSE
	EndGlobalSection
EndGlobal
